{
    "_meta": {
        "hash": {
            "sha256": "c61baaf1cac5a0d419b14702e85d4f1acd99bdcb9c491ca446f9195ffdef40b5"
        },
        "pipfile-spec": 6,
        "requires": {
            "python_version": "3.12"
        },
        "sources": [
            {
                "name": "pypi",
                "url": "https://pypi.org/simple",
                "verify_ssl": true
            }
        ]
    },
    "default": {},
    "develop": {
        "iniconfig": {
            "hashes": [
                "sha256:2d91e135bf72d31a410b17c16da610a82cb55f6b0477d1a902134b24a455b8b3",
                "sha256:b6a85871a79d2e3b22d2d1b94ac2824226a63c6b741c88f7ae975f18b6778374"
            ],
            "markers": "python_version >= '3.7'",
            "version": "==2.0.0"
        },
        "mypy": {
            "hashes": [
                "sha256:1124a18bc11a6a62887e3e137f37f53fbae476dc36c185d549d4f837a2a6a14e",
                "sha256:171a9ca9a40cd1843abeca0e405bc1940cd9b305eaeea2dda769ba096932bb22",
                "sha256:1905f494bfd7d85a23a88c5d97840888a7bd516545fc5aaedff0267e0bb54e2f",
                "sha256:1fbb8da62dc352133d7d7ca90ed2fb0e9d42bb1a32724c287d3c76c58cbaa9c2",
                "sha256:2922d42e16d6de288022e5ca321cd0618b238cfc5570e0263e5ba0a77dbef56f",
                "sha256:2e2c2e6d3593f6451b18588848e66260ff62ccca522dd231cd4dd59b0160668b",
                "sha256:2ee2d57e01a7c35de00f4634ba1bbf015185b219e4dc5909e281016df43f5ee5",
                "sha256:2f2147ab812b75e5b5499b01ade1f4a81489a147c01585cda36019102538615f",
                "sha256:404534629d51d3efea5c800ee7c42b72a6554d6c400e6a79eafe15d11341fd43",
                "sha256:5469affef548bd1895d86d3bf10ce2b44e33d86923c29e4d675b3e323437ea3e",
                "sha256:5a95fb17c13e29d2d5195869262f8125dfdb5c134dc8d9a9d0aecf7525b10c2c",
                "sha256:6983aae8b2f653e098edb77f893f7b6aca69f6cffb19b2cc7443f23cce5f4828",
                "sha256:712e962a6357634fef20412699a3655c610110e01cdaa6180acec7fc9f8513ba",
                "sha256:8023ff13985661b50a5928fc7a5ca15f3d1affb41e5f0a9952cb68ef090b31ee",
                "sha256:811aeccadfb730024c5d3e326b2fbe9249bb7413553f15499a4050f7c30e801d",
                "sha256:8f8722560a14cde92fdb1e31597760dc35f9f5524cce17836c0d22841830fd5b",
                "sha256:93faf3fdb04768d44bf28693293f3904bbb555d076b781ad2530214ee53e3445",
                "sha256:973500e0774b85d9689715feeffcc980193086551110fd678ebe1f4342fb7c5e",
                "sha256:979e4e1a006511dacf628e36fadfecbcc0160a8af6ca7dad2f5025529e082c13",
                "sha256:98b7b9b9aedb65fe628c62a6dc57f6d5088ef2dfca37903a7d9ee374d03acca5",
                "sha256:aea39e0583d05124836ea645f412e88a5c7d0fd77a6d694b60d9b6b2d9f184fd",
                "sha256:b9378e2c00146c44793c98b8d5a61039a048e31f429fb0eb546d93f4b000bedf",
                "sha256:baefc32840a9f00babd83251560e0ae1573e2f9d1b067719479bfb0e987c6357",
                "sha256:be68172e9fd9ad8fb876c6389f16d1c1b5f100ffa779f77b1fb2176fcc9ab95b",
                "sha256:c43a7682e24b4f576d93072216bf56eeff70d9140241f9edec0c104d0c515036",
                "sha256:c4bb0e1bd29f7d34efcccd71cf733580191e9a264a2202b0239da95984c5b559",
                "sha256:c7be1e46525adfa0d97681432ee9fcd61a3964c2446795714699a998d193f1a3",
                "sha256:c9817fa23833ff189db061e6d2eff49b2f3b6ed9856b4a0a73046e41932d744f",
                "sha256:ce436f4c6d218a070048ed6a44c0bbb10cd2cc5e272b29e7845f6a2f57ee4464",
                "sha256:d10d994b41fb3497719bbf866f227b3489048ea4bbbb5015357db306249f7980",
                "sha256:e601a7fa172c2131bff456bb3ee08a88360760d0d2f8cbd7a75a65497e2df078",
                "sha256:f95579473af29ab73a10bada2f9722856792a36ec5af5399b653aa28360290a5"
            ],
            "index": "pypi",
            "markers": "python_version >= '3.9'",
            "version": "==1.15.0"
        },
        "mypy-extensions": {
            "hashes": [
                "sha256:4392f6c0eb8a5668a69e23d168ffa70f0be9ccfd32b5cc2d26a34ae5b844552d",
                "sha256:75dbf8955dc00442a438fc4d0666508a9a97b6bd41aa2f0ffe9d2f2725af0782"
            ],
            "markers": "python_version >= '3.5'",
            "version": "==1.0.0"
        },
        "numpy": {
            "hashes": [
                "sha256:03a8c78d01d9781b28a6989f6fa1bb2c4f2d51201cf99d3dd875df6fbd96b23b",
                "sha256:08beddf13648eb95f8d867350f6a018a4be2e5ad54c8d8caed89ebca558b2818",
                "sha256:1af303d6b2210eb850fcf03064d364652b7120803a0b872f5211f5234b399f20",
                "sha256:1dda2e7b4ec9dd512f84935c5f126c8bd8b9f2fc001e9f54af255e8c5f16b0e0",
                "sha256:2a02aba9ed12e4ac4eb3ea9421c420301a0c6460d9830d74a9df87efa4912010",
                "sha256:2e4ee3380d6de9c9ec04745830fd9e2eccb3e6cf790d39d7b98ffd19b0dd754a",
                "sha256:3373d5d70a5fe74a2c1bb6d2cfd9609ecf686d47a2d7b1d37a8f3b6bf6003aea",
                "sha256:47711010ad8555514b434df65f7d7b076bb8261df1ca9bb78f53d3b2db02e95c",
                "sha256:4c66707fabe114439db9068ee468c26bbdf909cac0fb58686a42a24de1760c71",
                "sha256:50193e430acfc1346175fcbdaa28ffec49947a06918b7b92130744e81e640110",
                "sha256:52b8b60467cd7dd1e9ed082188b4e6bb35aa5cdd01777621a1658910745b90be",
                "sha256:60dedbb91afcbfdc9bc0b1f3f402804070deed7392c23eb7a7f07fa857868e8a",
                "sha256:62b8e4b1e28009ef2846b4c7852046736bab361f7aeadeb6a5b89ebec3c7055a",
                "sha256:666dbfb6ec68962c033a450943ded891bed2d54e6755e35e5835d63f4f6931d5",
                "sha256:675d61ffbfa78604709862923189bad94014bef562cc35cf61d3a07bba02a7ed",
                "sha256:679b0076f67ecc0138fd2ede3a8fd196dddc2ad3254069bcb9faf9a79b1cebcd",
                "sha256:7349ab0fa0c429c82442a27a9673fc802ffdb7c7775fad780226cb234965e53c",
                "sha256:7ab55401287bfec946ced39700c053796e7cc0e3acbef09993a9ad2adba6ca6e",
                "sha256:7e50d0a0cc3189f9cb0aeb3a6a6af18c16f59f004b866cd2be1c14b36134a4a0",
                "sha256:95a7476c59002f2f6c590b9b7b998306fba6a5aa646b1e22ddfeaf8f78c3a29c",
                "sha256:96ff0b2ad353d8f990b63294c8986f1ec3cb19d749234014f4e7eb0112ceba5a",
                "sha256:9fad7dcb1aac3c7f0584a5a8133e3a43eeb2fe127f47e3632d43d677c66c102b",
                "sha256:9ff0f4f29c51e2803569d7a51c2304de5554655a60c5d776e35b4a41413830d0",
                "sha256:a354325ee03388678242a4d7ebcd08b5c727033fcff3b2f536aea978e15ee9e6",
                "sha256:a4abb4f9001ad2858e7ac189089c42178fcce737e4169dc61321660f1a96c7d2",
                "sha256:ab47dbe5cc8210f55aa58e4805fe224dac469cde56b9f731a4c098b91917159a",
                "sha256:afedb719a9dcfc7eaf2287b839d8198e06dcd4cb5d276a3df279231138e83d30",
                "sha256:b3ce300f3644fb06443ee2222c2201dd3a89ea6040541412b8fa189341847218",
                "sha256:b97fe8060236edf3662adfc2c633f56a08ae30560c56310562cb4f95500022d5",
                "sha256:bfe25acf8b437eb2a8b2d49d443800a5f18508cd811fea3181723922a8a82b07",
                "sha256:cd25bcecc4974d09257ffcd1f098ee778f7834c3ad767fe5db785be9a4aa9cb2",
                "sha256:d209d8969599b27ad20994c8e41936ee0964e6da07478d6c35016bc386b66ad4",
                "sha256:d5241e0a80d808d70546c697135da2c613f30e28251ff8307eb72ba696945764",
                "sha256:edd8b5fe47dab091176d21bb6de568acdd906d1887a4584a15a9a96a1dca06ef",
                "sha256:f870204a840a60da0b12273ef34f7051e98c3b5961b61b0c2c1be6dfd64fbcd3",
                "sha256:ffa75af20b44f8dba823498024771d5ac50620e6915abac414251bd971b4529f"
            ],
            "index": "pypi",
            "markers": "python_version >= '3.9'",
            "version": "==1.26.4"
        },
        "packaging": {
            "hashes": [
                "sha256:09abb1bccd265c01f4a3aa3f7a7db064b36514d2cba19a2f694fe6150451a759",
                "sha256:c228a6dc5e932d346bc5739379109d49e8853dd8223571c7c5b55260edc0b97f"
            ],
            "markers": "python_version >= '3.8'",
            "version": "==24.2"
        },
        "pluggy": {
            "hashes": [
                "sha256:2cffa88e94fdc978c4c574f15f9e59b7f4201d439195c3715ca9e2486f1d0cf1",
                "sha256:44e1ad92c8ca002de6377e165f3e0f1be63266ab4d554740532335b9d75ea669"
            ],
            "markers": "python_version >= '3.8'",
            "version": "==1.5.0"
        },
        "pytest": {
            "hashes": [
                "sha256:50e16d954148559c9a74109af1eaf0c945ba2d8f30f0a3d3335edde19788b6f6",
                "sha256:965370d062bce11e73868e0335abac31b4d3de0e82f4007408d242b4f8610761"
            ],
            "index": "pypi",
            "markers": "python_version >= '3.8'",
            "version": "==8.3.4"
        },
        "ruff": {
            "hashes": [
                "sha256:100031be9777f67af7f61b4d4eea2a0531ed6788940aca4360f6b9aae317c53b",
                "sha256:12d455f2be6fe98accbea2487bbb8eaec716c760bf60b45e7e13f76f913f56e9",
                "sha256:2f090758d58b4667d9022eee1085a854db93d800279e5a177ebda5adc1faf639",
                "sha256:54b57b623a683e696a1ede99db95500763c1badafe105b6ad8d8e9d96e385ae2",
                "sha256:59fac6922b336d0c38df199761ade561563e1b7636e3a2b767b9ee5a68aa9cbf",
                "sha256:65961815bb35d427e957940d13b2a1d0a67d8b245d3a7e0b5a4a2058536d3532",
                "sha256:66662aa19535d58fe6d04e5b59a39e495b102f2f5a2a1b9698e240eb78f429ef",
                "sha256:6ef7cc80626264ab8ab4d68b359ba867b8a52b0830a9643cd31289146dd40892",
                "sha256:733647b2fe9367e1aa049c0eba296363746f3bc0dbfd454b0bc4b7b46cdf0146",
                "sha256:a1dfc443bee0288ea926a4d9ecfd858bf94ddf0a03a256c63e81b2b6dccdfc7d",
                "sha256:a82082ec72bde2166ec138055307396c4d4e543fd97266dc2bfa24284cb30af6",
                "sha256:b0878103b2fb8af55ad701308a69ce713108ad346c3a3a143ebcd1e13829c9a7",
                "sha256:bc86d5a85cd5ab1d5aff1650f038aa34681d0692cc2467aa9ddef37bd56ea3f9",
                "sha256:c18356beaef174797ad83f11debc5569e96afa73a549b2d073912565cfc4cfd1",
                "sha256:d236f0ce0190bbc6fa9b4c4b85e916fb4c50fd087e6558af1bf5a45eb20e374d",
                "sha256:e06635d12321605d1d11226c7d3c6b1245a0df498099868d14b4e353b3f0ac22",
                "sha256:e459a4fc4150fcc60da26c59a6a4b70878c60a99df865a71cf6f958dc68c419a",
                "sha256:f774998b9c9a062510533aba9b53085de6be6d41e13a7a0bd086af8a40e838c3"
            ],
            "index": "pypi",
            "markers": "python_version >= '3.7'",
            "version": "==0.9.8"
        },
        "shanten-tools": {
            "hashes": [
                "sha256:0530752f8dc1b5b0a73c7b2724c91404d9123d8777cbcebc892f5203baeca9ba",
                "sha256:1b9e2ace7377a4e05f7a76fe794aaabc4717612427ef6648d41714fe1b212454",
                "sha256:1e471ba0f50a52f9f1108656f96644ea6977d73373d4fcefcbf2eae194e38593",
                "sha256:1e7301736942b02ccd40079ad19ba34b3bcc8bc6c31ff92634fa541bf1a4daaa",
                "sha256:21a95c312a28b41084092410e0f2705cf48d563f4a63bb15788adebfe9af28db",
                "sha256:2caa1d86a223aa5613003da778362c293c3bd7d3158039ddef3a902957a12b9c",
                "sha256:54dcdfbb726e13e952d19cb2fcecb0f8a5c01455d112d529fba674add6ad17f5",
                "sha256:64cc3fa25dcc9eefcff8440397917d4b19b31d21f0eb8fe80202bb07c18fd375",
                "sha256:756cf523c6dff1707e1d6ba4cfb0d6e7eeb96fc4aea6179f8593973a3dfc7f85",
                "sha256:76d0bd55aa36a9e7ec11787bc5799bba8ec10e5c6b1dbbe8d1fc6a4ef7cc760b",
                "sha256:ba5fef7e0d6ae9a57b8914e77794512e50d39fbb219b421845d7b0c40c25a65b",
                "sha256:d0ac4442734dd589d762035319c1fc2da8e0eb7d88cf64c2332df98b2ff19c65",
                "sha256:d49e5e0e7cdd627d42930c676281375d9736f940d06788c4cc4921c8e2d59e3c",
                "sha256:dea9bac83c6a00ce5a2a30333fa7dd8bfe47627471dcd1fcc525c97e5e7aa059",
                "sha256:e592fed3e2187aff4da9262c264a6eb9ab117ec96744210bf5ae310ff1725296",
                "sha256:e646bafe00da80a926dbc3c6c9d45bb8c6f3c36a7578da429b919bfcc4bc908b",
                "sha256:e8a820493589833fd687f61f2f0d2a3a3e0a598133fc4339d3c2ea7811978e0d"
            ],
            "index": "pypi",
            "markers": "python_version >= '3.7'",
            "version": "==0.1.8"
        },
        "typing-extensions": {
            "hashes": [
                "sha256:04e5ca0351e0f3f85c6853954072df659d0d13fac324d0072316b67d7794700d",
                "sha256:1a7ead55c7e559dd4dee8856e3a88b41225abfe1ce8df57b7c13915fe121ffb8"
            ],
            "markers": "python_version >= '3.8'",
            "version": "==4.12.2"
        }
    }
}
